{
  "name": "test",
  "version": "1.0.0",
  "lockfileVersion": 3,
  "requires": true,
  "packages": {
    "": {
      "name": "test",
      "version": "1.0.0",
      "license": "ISC",
      "dependencies": {
        "@adambastian/calculactor": "^1.0.0"
      }
    },
    "node_modules/@adambastian/calculactor": {
      "version": "1.0.0",
      "resolved": "https://registry.npmjs.org/@adambastian/calculactor/-/calculactor-1.0.0.tgz",
      "integrity": "sha512-WWvbRmnSPDWY8aQp9csSdTflhhPEBH1wJbfN9cntqqYg7yEavdh8K5lFTrihkZYP9m2OJcg6yxuX6yRv4MDTdA==",
      "license": "ISC"
    }
  }
}
